// !$*UTF8*$!
{
	archiveVersion = 1;
	classes = {
	};
	objectVersion = 50;
	objects = {

/* Begin PBXBuildFile section */
		42292129221F176900BCAE98 /* ArticlesViewController.swift in Sources */ = {isa = PBXBuildFile; fileRef = 42292128221F176900BCAE98 /* ArticlesViewController.swift */; };
		42F336E2221DC27C00A1A01E /* AppDelegate.swift in Sources */ = {isa = PBXBuildFile; fileRef = 42F336E1221DC27C00A1A01E /* AppDelegate.swift */; };
		42F336E4221DC27C00A1A01E /* SourcesViewController.swift in Sources */ = {isa = PBXBuildFile; fileRef = 42F336E3221DC27C00A1A01E /* SourcesViewController.swift */; };
		42F336E7221DC27C00A1A01E /* Main.storyboard in Resources */ = {isa = PBXBuildFile; fileRef = 42F336E5221DC27C00A1A01E /* Main.storyboard */; };
		42F336E9221DC27F00A1A01E /* Assets.xcassets in Resources */ = {isa = PBXBuildFile; fileRef = 42F336E8221DC27F00A1A01E /* Assets.xcassets */; };
		42F336EC221DC27F00A1A01E /* LaunchScreen.storyboard in Resources */ = {isa = PBXBuildFile; fileRef = 42F336EA221DC27F00A1A01E /* LaunchScreen.storyboard */; };
		42F336F4221DC67000A1A01E /* SwiftyJSON.swift in Sources */ = {isa = PBXBuildFile; fileRef = 42F336F3221DC67000A1A01E /* SwiftyJSON.swift */; };
/* End PBXBuildFile section */

/* Begin PBXFileReference section */
		42292128221F176900BCAE98 /* ArticlesViewController.swift */ = {isa = PBXFileReference; lastKnownFileType = sourcecode.swift; path = ArticlesViewController.swift; sourceTree = "<group>"; };
		42F336DE221DC27C00A1A01E /* TopStories.app */ = {isa = PBXFileReference; explicitFileType = wrapper.application; includeInIndex = 0; path = TopStories.app; sourceTree = BUILT_PRODUCTS_DIR; };
		42F336E1221DC27C00A1A01E /* AppDelegate.swift */ = {isa = PBXFileReference; lastKnownFileType = sourcecode.swift; path = AppDelegate.swift; sourceTree = "<group>"; };
		42F336E3221DC27C00A1A01E /* SourcesViewController.swift */ = {isa = PBXFileReference; lastKnownFileType = sourcecode.swift; path = SourcesViewController.swift; sourceTree = "<group>"; };
		42F336E6221DC27C00A1A01E /* Base */ = {isa = PBXFileReference; lastKnownFileType = file.storyboard; name = Base; path = Base.lproj/Main.storyboard; sourceTree = "<group>"; };
		42F336E8221DC27F00A1A01E /* Assets.xcassets */ = {isa = PBXFileReference; lastKnownFileType = folder.assetcatalog; path = Assets.xcassets; sourceTree = "<group>"; };
		42F336EB221DC27F00A1A01E /* Base */ = {isa = PBXFileReference; lastKnownFileType = file.storyboard; name = Base; path = Base.lproj/LaunchScreen.storyboard; sourceTree = "<group>"; };
		42F336ED221DC27F00A1A01E /* Info.plist */ = {isa = PBXFileReference; lastKnownFileType = text.plist.xml; path = Info.plist; sourceTree = "<group>"; };
		42F336F3221DC67000A1A01E /* SwiftyJSON.swift */ = {isa = PBXFileReference; fileEncoding = 4; lastKnownFileType = sourcecode.swift; path = SwiftyJSON.swift; sourceTree = "<group>"; };
/* End PBXFileReference section */

/* Begin PBXFrameworksBuildPhase section */
		42F336DB221DC27C00A1A01E /* Frameworks */ = {
			isa = PBXFrameworksBuildPhase;
			buildActionMask = 2147483647;
			files = (
			);
			runOnlyForDeploymentPostprocessing = 0;
		};
/* End PBXFrameworksBuildPhase section */

/* Begin PBXGroup section */
		42F336D5221DC27C00A1A01E = {
			isa = PBXGroup;
			children = (
				42F336E0221DC27C00A1A01E /* TopStories */,
				42F336DF221DC27C00A1A01E /* Products */,
			);
			sourceTree = "<group>";
		};
		42F336DF221DC27C00A1A01E /* Products */ = {
			isa = PBXGroup;
			children = (
				42F336DE221DC27C00A1A01E /* TopStories.app */,
			);
			name = Products;
			sourceTree = "<group>";
		};
		42F336E0221DC27C00A1A01E /* TopStories */ = {
			isa = PBXGroup;
			children = (
				42F336E1221DC27C00A1A01E /* AppDelegate.swift */,
				42F336E3221DC27C00A1A01E /* SourcesViewController.swift */,
				42F336E5221DC27C00A1A01E /* Main.storyboard */,
				42F336E8221DC27F00A1A01E /* Assets.xcassets */,
				42F336EA221DC27F00A1A01E /* LaunchScreen.storyboard */,
				42292128221F176900BCAE98 /* ArticlesViewController.swift */,
				42F336ED221DC27F00A1A01E /* Info.plist */,
				42F336F3221DC67000A1A01E /* SwiftyJSON.swift */,
			);
			path = TopStories;
			sourceTree = "<group>";
		};
/* End PBXGroup section */

/* Begin PBXNativeTarget section */
		42F336DD221DC27C00A1A01E /* TopStories */ = {
			isa = PBXNativeTarget;
			buildConfigurationList = 42F336F0221DC27F00A1A01E /* Build configuration list for PBXNativeTarget "TopStories" */;
			buildPhases = (
				42F336DA221DC27C00A1A01E /* Sources */,
				42F336DB221DC27C00A1A01E /* Frameworks */,
				42F336DC221DC27C00A1A01E /* Resources */,
			);
			buildRules = (
			);
			dependencies = (
			);
			name = TopStories;
			productName = TopStories;
			productReference = 42F336DE221DC27C00A1A01E /* TopStories.app */;
			productType = "com.apple.product-type.application";
		};
/* End PBXNativeTarget section */

/* Begin PBXProject section */
		42F336D6221DC27C00A1A01E /* Project object */ = {
			isa = PBXProject;
			attributes = {
				LastSwiftUpdateCheck = 1000;
				LastUpgradeCheck = 1000;
				ORGANIZATIONNAME = SomeAweApps;
				TargetAttributes = {
					42F336DD221DC27C00A1A01E = {
						CreatedOnToolsVersion = 10.0;
					};
				};
			};
			buildConfigurationList = 42F336D9221DC27C00A1A01E /* Build configuration list for PBXProject "TopStories" */;
			compatibilityVersion = "Xcode 9.3";
			developmentRegion = en;
			hasScannedForEncodings = 0;
			knownRegions = (
				en,
				Base,
			);
			mainGroup = 42F336D5221DC27C00A1A01E;
			productRefGroup = 42F336DF221DC27C00A1A01E /* Products */;
			projectDirPath = "";
			projectRoot = "";
			targets = (
				42F336DD221DC27C00A1A01E /* TopStories */,
			);
		};
/* End PBXProject section */

/* Begin PBXResourcesBuildPhase section */
		42F336DC221DC27C00A1A01E /* Resources */ = {
			isa = PBXResourcesBuildPhase;
			buildActionMask = 2147483647;
			files = (
				42F336EC221DC27F00A1A01E /* LaunchScreen.storyboard in Resources */,
				42F336E9221DC27F00A1A01E /* Assets.xcassets in Resources */,
				42F336E7221DC27C00A1A01E /* Main.storyboard in Resources */,
			);
			runOnlyForDeploymentPostprocessing = 0;
		};
/* End PBXResourcesBuildPhase section */

/* Begin PBXSourcesBuildPhase section */
		42F336DA221DC27C00A1A01E /* Sources */ = {
			isa = PBXSourcesBuildPhase;
			buildActionMask = 2147483647;
			files = (
				42F336F4221DC67000A1A01E /* SwiftyJSON.swift in Sources */,
				42292129221F176900BCAE98 /* ArticlesViewController.swift in Sources */,
				42F336E4221DC27C00A1A01E /* SourcesViewController.swift in Sources */,
				42F336E2221DC27C00A1A01E /* AppDelegate.swift in Sources */,
			);
			runOnlyForDeploymentPostprocessing = 0;
		};
/* End PBXSourcesBuildPhase section */

/* Begin PBXVariantGroup section */
		42F336E5221DC27C00A1A01E /* Main.storyboard */ = {
			isa = PBXVariantGroup;
			children = (
				42F336E6221DC27C00A1A01E /* Base */,
			);
			name = Main.storyboard;
			sourceTree = "<group>";
		};
		42F336EA221DC27F00A1A01E /* LaunchScreen.storyboard */ = {
			isa = PBXVariantGroup;
			children = (
				42F336EB221DC27F00A1A01E /* Base */,
			);
			name = LaunchScreen.storyboard;
			sourceTree = "<group>";
		};
/* End PBXVariantGroup section */

/* Begin XCBuildConfiguration section */
		42F336EE221DC27F00A1A01E /* Debug */ = {
			isa = XCBuildConfiguration;
			buildSettings = {
				ALWAYS_SEARCH_USER_PATHS = NO;
				CLANG_ANALYZER_NONNULL = YES;
				CLANG_ANALYZER_NUMBER_OBJECT_CONVERSION = YES_AGGRESSIVE;
				CLANG_CXX_LANGUAGE_STANDARD = "gnu++14";
				CLANG_CXX_LIBRARY = "libc++";
				CLANG_ENABLE_MODULES = YES;
				CLANG_ENABLE_OBJC_ARC = YES;
				CLANG_ENABLE_OBJC_WEAK = YES;
				CLANG_WARN_BLOCK_CAPTURE_AUTORELEASING = YES;
				CLANG_WARN_BOOL_CONVERSION = YES;
				CLANG_WARN_COMMA = YES;
				CLANG_WARN_CONSTANT_CONVERSION = YES;
				CLANG_WARN_DEPRECATED_OBJC_IMPLEMENTATIONS = YES;
				CLANG_WARN_DIRECT_OBJC_ISA_USAGE = YES_ERROR;
				CLANG_WARN_DOCUMENTATION_COMMENTS = YES;
				CLANG_WARN_EMPTY_BODY = YES;
				CLANG_WARN_ENUM_CONVERSION = YES;
				CLANG_WARN_INFINITE_RECURSION = YES;
				CLANG_WARN_INT_CONVERSION = YES;
				CLANG_WARN_NON_LITERAL_NULL_CONVERSION = YES;
				CLANG_WARN_OBJC_IMPLICIT_RETAIN_SELF = YES;
				CLANG_WARN_OBJC_LITERAL_CONVERSION = YES;
				CLANG_WARN_OBJC_ROOT_CLASS = YES_ERROR;
				CLANG_WARN_RANGE_LOOP_ANALYSIS = YES;
				CLANG_WARN_STRICT_PROTOTYPES = YES;
				CLANG_WARN_SUSPICIOUS_MOVE = YES;
				CLANG_WARN_UNGUARDED_AVAILABILITY = YES_AGGRESSIVE;
				CLANG_WARN_UNREACHABLE_CODE = YES;
				CLANG_WARN__DUPLICATE_METHOD_MATCH = YES;
				CODE_SIGN_IDENTITY = "iPhone Developer";
				COPY_PHASE_STRIP = NO;
				DEBUG_INFORMATION_FORMAT = dwarf;
				ENABLE_STRICT_OBJC_MSGSEND = YES;
				ENABLE_TESTABILITY = YES;
				GCC_C_LANGUAGE_STANDARD = gnu11;
				GCC_DYNAMIC_NO_PIC = NO;
				GCC_NO_COMMON_BLOCKS = YES;
				GCC_OPTIMIZATION_LEVEL = 0;
				GCC_PREPROCESSOR_DEFINITIONS = (
					"DEBUG=1",
					"$(inherited)",
				);
				GCC_WARN_64_TO_32_BIT_CONVERSION = YES;
				GCC_WARN_ABOUT_RETURN_TYPE = YES_ERROR;
				GCC_WARN_UNDECLARED_SELECTOR = YES;
				GCC_WARN_UNINITIALIZED_AUTOS = YES_AGGRESSIVE;
				GCC_WARN_UNUSED_FUNCTION = YES;
				GCC_WARN_UNUSED_VARIABLE = YES;
				IPHONEOS_DEPLOYMENT_TARGET = 12.0;
				MTL_ENABLE_DEBUG_INFO = INCLUDE_SOURCE;
				MTL_FAST_MATH = YES;
				ONLY_ACTIVE_ARCH = YES;
				SDKROOT = iphoneos;
				SWIFT_ACTIVE_COMPILATION_CONDITIONS = DEBUG;
				SWIFT_OPTIMIZATION_LEVEL = "-Onone";
			};
			name = Debug;
		};
		42F336EF221DC27F00A1A01E /* Release */ = {
			isa = XCBuildConfiguration;
			buildSettings = {
				ALWAYS_SEARCH_USER_PATHS = NO;
				CLANG_ANALYZER_NONNULL = YES;
				CLANG_ANALYZER_NUMBER_OBJECT_CONVERSION = YES_AGGRESSIVE;
				CLANG_CXX_LANGUAGE_STANDARD = "gnu++14";
				CLANG_CXX_LIBRARY = "libc++";
				CLANG_ENABLE_MODULES = YES;
				CLANG_ENABLE_OBJC_ARC = YES;
				CLANG_ENABLE_OBJC_WEAK = YES;
				CLANG_WARN_BLOCK_CAPTURE_AUTORELEASING = YES;
				CLANG_WARN_BOOL_CONVERSION = YES;
				CLANG_WARN_COMMA = YES;
				CLANG_WARN_CONSTANT_CONVERSION = YES;
				CLANG_WARN_DEPRECATED_OBJC_IMPLEMENTATIONS = YES;
				CLANG_WARN_DIRECT_OBJC_ISA_USAGE = YES_ERROR;
				CLANG_WARN_DOCUMENTATION_COMMENTS = YES;
				CLANG_WARN_EMPTY_BODY = YES;
				CLANG_WARN_ENUM_CONVERSION = YES;
				CLANG_WARN_INFINITE_RECURSION = YES;
				CLANG_WARN_INT_CONVERSION = YES;
				CLANG_WARN_NON_LITERAL_NULL_CONVERSION = YES;
				CLANG_WARN_OBJC_IMPLICIT_RETAIN_SELF = YES;
				CLANG_WARN_OBJC_LITERAL_CONVERSION = YES;
				CLANG_WARN_OBJC_ROOT_CLASS = YES_ERROR;
				CLANG_WARN_RANGE_LOOP_ANALYSIS = YES;
				CLANG_WARN_STRICT_PROTOTYPES = YES;
				CLANG_WARN_SUSPICIOUS_MOVE = YES;
				CLANG_WARN_UNGUARDED_AVAILABILITY = YES_AGGRESSIVE;
				CLANG_WARN_UNREACHABLE_CODE = YES;
				CLANG_WARN__DUPLICATE_METHOD_MATCH = YES;
				CODE_SIGN_IDENTITY = "iPhone Developer";
				COPY_PHASE_STRIP = NO;
				DEBUG_INFORMATION_FORMAT = "dwarf-with-dsym";
				ENABLE_NS_ASSERTIONS = NO;
				ENABLE_STRICT_OBJC_MSGSEND = YES;
				GCC_C_LANGUAGE_STANDARD = gnu11;
				GCC_NO_COMMON_BLOCKS = YES;
				GCC_WARN_64_TO_32_BIT_CONVERSION = YES;
				GCC_WARN_ABOUT_RETURN_TYPE = YES_ERROR;
				GCC_WARN_UNDECLARED_SELECTOR = YES;
				GCC_WARN_UNINITIALIZED_AUTOS = YES_AGGRESSIVE;
				GCC_WARN_UNUSED_FUNCTION = YES;
				GCC_WARN_UNUSED_VARIABLE = YES;
				IPHONEOS_DEPLOYMENT_TARGET = 12.0;
				MTL_ENABLE_DEBUG_INFO = NO;
				MTL_FAST_MATH = YES;
				SDKROOT = iphoneos;
				SWIFT_COMPILATION_MODE = wholemodule;
				SWIFT_OPTIMIZATION_LEVEL = "-O";
				VALIDATE_PRODUCT = YES;
			};
			name = Release;
		};
		42F336F1221DC27F00A1A01E /* Debug */ = {
			isa = XCBuildConfiguration;
			buildSettings = {
				ASSETCATALOG_COMPILER_APPICON_NAME = AppIcon;
				CODE_SIGN_STYLE = Automatic;
				DEVELOPMENT_TEAM = T2U53GFA9U;
				INFOPLIST_FILE = TopStories/Info.plist;
				LD_RUNPATH_SEARCH_PATHS = (
					"$(inherited)",
					"@executable_path/Frameworks",
				);
				PRODUCT_BUNDLE_IDENTIFIER = start.TopStories;
				PRODUCT_NAME = "$(TARGET_NAME)";
				SWIFT_VERSION = 4.2;
				TARGETED_DEVICE_FAMILY = "1,2";
			};
			name = Debug;
		};
		42F336F2221DC27F00A1A01E /* Release */ = {
			isa = XCBuildConfiguration;
			buildSettings = {
				ASSETCATALOG_COMPILER_APPICON_NAME = AppIcon;
				CODE_SIGN_STYLE = Automatic;
				DEVELOPMENT_TEAM = T2U53GFA9U;
				INFOPLIST_FILE = TopStories/Info.plist;
				LD_RUNPATH_SEARCH_PATHS = (
					"$(inherited)",
					"@executable_path/Frameworks",
				);
				PRODUCT_BUNDLE_IDENTIFIER = start.TopStories;
				PRODUCT_NAME = "$(TARGET_NAME)";
				SWIFT_VERSION = 4.2;
				TARGETED_DEVICE_FAMILY = "1,2";
			};
			name = Release;
		};
/* End XCBuildConfiguration section */

/* Begin XCConfigurationList section */
		42F336D9221DC27C00A1A01E /* Build configuration list for PBXProject "TopStories" */ = {
			isa = XCConfigurationList;
			buildConfigurations = (
				42F336EE221DC27F00A1A01E /* Debug */,
				42F336EF221DC27F00A1A01E /* Release */,
			);
			defaultConfigurationIsVisible = 0;
			defaultConfigurationName = Release;
		};
		42F336F0221DC27F00A1A01E /* Build configuration list for PBXNativeTarget "TopStories" */ = {
			isa = XCConfigurationList;
			buildConfigurations = (
				42F336F1221DC27F00A1A01E /* Debug */,
				42F336F2221DC27F00A1A01E /* Release */,
			);
			defaultConfigurationIsVisible = 0;
			defaultConfigurationName = Release;
		};
/* End XCConfigurationList section */
	};
	rootObject = 42F336D6221DC27C00A1A01E /* Project object */;
}
